
Microsoft Visual Studio Solution File, Format Version 12.00
# Visual Studio Version 17
VisualStudioVersion = 17.6.33723.286
MinimumVisualStudioVersion = 10.0.40219.1
Project("{FAE04EC0-301F-11D3-BF4B-00C04F79EFBC}") = "GFRGrafickyManual", "GFRGrafickyManual\GFRGrafickyManual.csproj", "{261FEB05-0636-4477-8B2A-02602B2287E1}"
EndProject
Global
	GlobalSection(SolutionConfigurationPlatforms) = preSolution
		Debug|Any CPU = Debug|Any CPU
		Release|Any CPU = Release|Any CPU
	EndGlobalSection
	GlobalSection(ProjectConfigurationPlatforms) = postSolution
		{261FEB05-0636-4477-8B2A-02602B2287E1}.Debug|Any CPU.ActiveCfg = Debug|Any CPU
		{261FEB05-0636-4477-8B2A-02602B2287E1}.Debug|Any CPU.Build.0 = Debug|Any CPU
		{261FEB05-0636-4477-8B2A-02602B2287E1}.Release|Any CPU.ActiveCfg = Release|Any CPU
		{261FEB05-0636-4477-8B2A-02602B2287E1}.Release|Any CPU.Build.0 = Release|Any CPU
	EndGlobalSection
	GlobalSection(SolutionProperties) = preSolution
		HideSolutionNode = FALSE
	EndGlobalSection
	GlobalSection(ExtensibilityGlobals) = postSolution
		SolutionGuid = {3DECF0AB-B74B-4D46-9930-E824789D76E5}
	EndGlobalSection
EndGlobal
